
Microsoft Visual Studio Solution File, Format Version 10.00
# Visual Studio 2008
Project("{FAE04EC0-301F-11D3-BF4B-00C04F79EFBC}") = "DataCodec", "Encode_Decode\DataCodec.csproj", "{ED3F89A6-8235-43FF-9BC8-B6D699EFCC6D}"
EndProject
Global
	GlobalSection(SolutionConfigurationPlatforms) = preSolution
		Debug|Any CPU = Debug|Any CPU
		Release|Any CPU = Release|Any CPU
	EndGlobalSection
	GlobalSection(ProjectConfigurationPlatforms) = postSolution
		{ED3F89A6-8235-43FF-9BC8-B6D699EFCC6D}.Debug|Any CPU.ActiveCfg = Debug|Any CPU
		{ED3F89A6-8235-43FF-9BC8-B6D699EFCC6D}.Debug|Any CPU.Build.0 = Debug|Any CPU
		{ED3F89A6-8235-43FF-9BC8-B6D699EFCC6D}.Release|Any CPU.ActiveCfg = Release|Any CPU
		{ED3F89A6-8235-43FF-9BC8-B6D699EFCC6D}.Release|Any CPU.Build.0 = Release|Any CPU
	EndGlobalSection
	GlobalSection(SolutionProperties) = preSolution
		HideSolutionNode = FALSE
	EndGlobalSection
EndGlobal
